PODS:
  - Alamofire (5.4.4)
  - Kingfisher (7.0.0)
  - Moya (15.0.0):
    - Moya/Core (= 15.0.0)
  - Moya/Core (15.0.0):
    - Alamofire (~> 5.0)
  - Moya/RxSwift (15.0.0):
    - Moya/Core
    - RxSwift (~> 6.0)
  - RxSwift (6.2.0)
  - Alamofire (5.6.1)
  - KakaoSDKAuth (2.11.0):
    - KakaoSDKCommon (= 2.11.0)
  - KakaoSDKCommon (2.11.0):
    - KakaoSDKCommon/Common (= 2.11.0)
    - KakaoSDKCommon/Network (= 2.11.0)
  - KakaoSDKCommon/Common (2.11.0)
  - KakaoSDKCommon/Network (2.11.0):
    - Alamofire (~> 5.1)
    - KakaoSDKCommon/Common (= 2.11.0)
  - KakaoSDKUser (2.11.0):
    - KakaoSDKAuth (= 2.11.0)

DEPENDENCIES:
  - Alamofire
  - KakaoSDKAuth
  - KakaoSDKUser

SPEC REPOS:
  trunk:
    - Alamofire
    - KakaoSDKAuth
    - KakaoSDKCommon
    - KakaoSDKUser

SPEC CHECKSUMS:
  Alamofire: 87bd8c952f9a4454320fce00d9cc3de57bcadaf5
  KakaoSDKAuth: b9470887e42b869725b391f4af34c4aaec42ea46
  KakaoSDKCommon: 0f59f2c1aead6012d92758e8ca46b63ea11c408b
  KakaoSDKUser: 5dbefe494c50dfdc87e4072710e503d39b41a609

PODFILE CHECKSUM: a58ff20e7190a2c49e82888cc42e0fd41e80f9f9


DEPENDENCIES:
  - Alamofire
  - KakaoSDKAuth
  - KakaoSDKUser

SPEC REPOS:
  trunk:
    - Alamofire
    - KakaoSDKAuth
    - KakaoSDKCommon
    - KakaoSDKUser

SPEC CHECKSUMS:
  Alamofire: 87bd8c952f9a4454320fce00d9cc3de57bcadaf5
  KakaoSDKAuth: b9470887e42b869725b391f4af34c4aaec42ea46
  KakaoSDKCommon: 0f59f2c1aead6012d92758e8ca46b63ea11c408b
  KakaoSDKUser: 5dbefe494c50dfdc87e4072710e503d39b41a609

PODFILE CHECKSUM: a58ff20e7190a2c49e82888cc42e0fd41e80f9f9

DEPENDENCIES:
  - Kingfisher (~> 7.0)
  - Moya (~> 15.0)
  - Moya/RxSwift (~> 15.0)
  - RxSwift

SPEC REPOS:
  trunk:
    - Alamofire
    - Kingfisher
    - Moya
    - RxSwift

SPEC CHECKSUMS:
  Alamofire: f3b09a368f1582ab751b3fff5460276e0d2cf5c9
  Kingfisher: 5efc54fec3980f92354898532e562cc17f31efb4
  Moya: 138f0573e53411fb3dc17016add0b748dfbd78ee
  RxSwift: d356ab7bee873611322f134c5f9ef379fa183d8f

PODFILE CHECKSUM: 6f64f95c01e49eb8a45fc68cb617e6f2cfb123c0

COCOAPODS: 1.11.2
