{
  "pins" : [
    {
      "identity" : "swiftuix",
      "kind" : "remoteSourceControl",
      "location" : "https://github.com/SwiftUIX/SwiftUIX",
      "state" : {
        "revision" : "889c781539cdd1e6a1111472c711082522aa35c6",
        "version" : "0.1.2"
      }
    },
    {
      "identity" : "textview",
      "kind" : "remoteSourceControl",
      "location" : "https://github.com/kenmueller/TextView",
      "state" : {
        "branch" : "master",
        "revision" : "06e6939ae4da03565889928cca65647f05fd2d67"
      }
    }
  ],
  "version" : 2
}
