{
  "pins" : [
    {
      "identity" : "bottomsheet",
      "kind" : "remoteSourceControl",
      "location" : "https://github.com/lucaszischka/BottomSheet",
      "state" : {
        "revision" : "6f928f6d52e3f476c672884fa97d9a6eb0f0d9d7",
        "version" : "3.0.2"
      }
    }
  ],
  "version" : 2
}
