// !$*UTF8*$!
{
	archiveVersion = 1;
	classes = {
	};
	objectVersion = 55;
	objects = {

/* Begin PBXBuildFile section */
		2A21349BD01B14434CAED51C /* Pods_Naenio_NaenioUITests.framework in Frameworks */ = {isa = PBXBuildFile; fileRef = E92BF54D1A6F7A09B6844E5A /* Pods_Naenio_NaenioUITests.framework */; };
		90D6BF17C2E41EA51237072E /* Pods_Naenio.framework in Frameworks */ = {isa = PBXBuildFile; fileRef = 1B69E994A672960411DC820B /* Pods_Naenio.framework */; };
		9B085F032879991400DE8E60 /* NaenioApp.swift in Sources */ = {isa = PBXBuildFile; fileRef = 9B085F022879991400DE8E60 /* NaenioApp.swift */; };
		9B085F052879991400DE8E60 /* ContentView.swift in Sources */ = {isa = PBXBuildFile; fileRef = 9B085F042879991400DE8E60 /* ContentView.swift */; };
		9B085F072879991600DE8E60 /* Assets.xcassets in Resources */ = {isa = PBXBuildFile; fileRef = 9B085F062879991600DE8E60 /* Assets.xcassets */; };
		9B085F0A2879991600DE8E60 /* Preview Assets.xcassets in Resources */ = {isa = PBXBuildFile; fileRef = 9B085F092879991600DE8E60 /* Preview Assets.xcassets */; };
		9B085F142879991600DE8E60 /* NaenioTests.swift in Sources */ = {isa = PBXBuildFile; fileRef = 9B085F132879991600DE8E60 /* NaenioTests.swift */; };
		9B085F1E2879991600DE8E60 /* NaenioUITests.swift in Sources */ = {isa = PBXBuildFile; fileRef = 9B085F1D2879991600DE8E60 /* NaenioUITests.swift */; };
		9B085F202879991600DE8E60 /* NaenioUITestsLaunchTests.swift in Sources */ = {isa = PBXBuildFile; fileRef = 9B085F1F2879991600DE8E60 /* NaenioUITestsLaunchTests.swift */; };
		9BF00BF7287AC95A00F08035 /* AppleLoginManager.swift in Sources */ = {isa = PBXBuildFile; fileRef = 9BF00BF6287AC95A00F08035 /* AppleLoginManager.swift */; };
		9BF00BFC287ACA6C00F08035 /* AppleLoginButton.swift in Sources */ = {isa = PBXBuildFile; fileRef = 9BF00BFB287ACA6C00F08035 /* AppleLoginButton.swift */; };
		9BF00BFF287ACBC500F08035 /* LoginTestView.swift in Sources */ = {isa = PBXBuildFile; fileRef = 9BF00BFE287ACBC500F08035 /* LoginTestView.swift */; };
		9BF00C02287ACC0900F08035 /* AppleLoginTestViewModel.swift in Sources */ = {isa = PBXBuildFile; fileRef = 9BF00C01287ACC0900F08035 /* AppleLoginTestViewModel.swift */; };
		9BF00C0B287ACFA900F08035 /* LoginRequestInformation.swift in Sources */ = {isa = PBXBuildFile; fileRef = 9BF00C0A287ACFA900F08035 /* LoginRequestInformation.swift */; };
		9CA1364628800D670044062F /* SignInWithKakaoButton.swift in Sources */ = {isa = PBXBuildFile; fileRef = 9CA1364528800D670044062F /* SignInWithKakaoButton.swift */; };
		9CA1364828800E720044062F /* KakaoAuthorizationRequest.swift in Sources */ = {isa = PBXBuildFile; fileRef = 9CA1364728800E720044062F /* KakaoAuthorizationRequest.swift */; };
		9CA1364A28800EC50044062F /* KakaoAuthorization.swift in Sources */ = {isa = PBXBuildFile; fileRef = 9CA1364928800EC50044062F /* KakaoAuthorization.swift */; };
		9CA7922D287BA90600600C32 /* UserInformation.swift in Sources */ = {isa = PBXBuildFile; fileRef = 9CA7922C287BA90600600C32 /* UserInformation.swift */; };
		CE11F3B32F8A533FA821501E /* Pods_NaenioTests.framework in Frameworks */ = {isa = PBXBuildFile; fileRef = 1FB0BEB83949C2C4F7B94801 /* Pods_NaenioTests.framework */; };
/* End PBXBuildFile section */

/* Begin PBXContainerItemProxy section */
		9B085F102879991600DE8E60 /* PBXContainerItemProxy */ = {
			isa = PBXContainerItemProxy;
			containerPortal = 9B085EF72879991400DE8E60 /* Project object */;
			proxyType = 1;
			remoteGlobalIDString = 9B085EFE2879991400DE8E60;
			remoteInfo = Naenio;
		};
		9B085F1A2879991600DE8E60 /* PBXContainerItemProxy */ = {
			isa = PBXContainerItemProxy;
			containerPortal = 9B085EF72879991400DE8E60 /* Project object */;
			proxyType = 1;
			remoteGlobalIDString = 9B085EFE2879991400DE8E60;
			remoteInfo = Naenio;
		};
/* End PBXContainerItemProxy section */

/* Begin PBXFileReference section */
		0A5D7962D0BEDE743D1915B8 /* Pods-NaenioTests.release.xcconfig */ = {isa = PBXFileReference; includeInIndex = 1; lastKnownFileType = text.xcconfig; name = "Pods-NaenioTests.release.xcconfig"; path = "Target Support Files/Pods-NaenioTests/Pods-NaenioTests.release.xcconfig"; sourceTree = "<group>"; };
		1B69E994A672960411DC820B /* Pods_Naenio.framework */ = {isa = PBXFileReference; explicitFileType = wrapper.framework; includeInIndex = 0; path = Pods_Naenio.framework; sourceTree = BUILT_PRODUCTS_DIR; };
		1FB0BEB83949C2C4F7B94801 /* Pods_NaenioTests.framework */ = {isa = PBXFileReference; explicitFileType = wrapper.framework; includeInIndex = 0; path = Pods_NaenioTests.framework; sourceTree = BUILT_PRODUCTS_DIR; };
		25B8CDB552E02D3DDA158D3B /* Pods-Naenio.debug.xcconfig */ = {isa = PBXFileReference; includeInIndex = 1; lastKnownFileType = text.xcconfig; name = "Pods-Naenio.debug.xcconfig"; path = "Target Support Files/Pods-Naenio/Pods-Naenio.debug.xcconfig"; sourceTree = "<group>"; };
		2C3849AB568E4571C7AC4460 /* Pods-Naenio.release.xcconfig */ = {isa = PBXFileReference; includeInIndex = 1; lastKnownFileType = text.xcconfig; name = "Pods-Naenio.release.xcconfig"; path = "Target Support Files/Pods-Naenio/Pods-Naenio.release.xcconfig"; sourceTree = "<group>"; };
		9B085EFF2879991400DE8E60 /* Naenio.app */ = {isa = PBXFileReference; explicitFileType = wrapper.application; includeInIndex = 0; path = Naenio.app; sourceTree = BUILT_PRODUCTS_DIR; };
		9B085F022879991400DE8E60 /* NaenioApp.swift */ = {isa = PBXFileReference; lastKnownFileType = sourcecode.swift; path = NaenioApp.swift; sourceTree = "<group>"; };
		9B085F042879991400DE8E60 /* ContentView.swift */ = {isa = PBXFileReference; lastKnownFileType = sourcecode.swift; path = ContentView.swift; sourceTree = "<group>"; };
		9B085F062879991600DE8E60 /* Assets.xcassets */ = {isa = PBXFileReference; lastKnownFileType = folder.assetcatalog; path = Assets.xcassets; sourceTree = "<group>"; };
		9B085F092879991600DE8E60 /* Preview Assets.xcassets */ = {isa = PBXFileReference; lastKnownFileType = folder.assetcatalog; path = "Preview Assets.xcassets"; sourceTree = "<group>"; };
		9B085F0F2879991600DE8E60 /* NaenioTests.xctest */ = {isa = PBXFileReference; explicitFileType = wrapper.cfbundle; includeInIndex = 0; path = NaenioTests.xctest; sourceTree = BUILT_PRODUCTS_DIR; };
		9B085F132879991600DE8E60 /* NaenioTests.swift */ = {isa = PBXFileReference; lastKnownFileType = sourcecode.swift; path = NaenioTests.swift; sourceTree = "<group>"; };
		9B085F192879991600DE8E60 /* NaenioUITests.xctest */ = {isa = PBXFileReference; explicitFileType = wrapper.cfbundle; includeInIndex = 0; path = NaenioUITests.xctest; sourceTree = BUILT_PRODUCTS_DIR; };
		9B085F1D2879991600DE8E60 /* NaenioUITests.swift */ = {isa = PBXFileReference; lastKnownFileType = sourcecode.swift; path = NaenioUITests.swift; sourceTree = "<group>"; };
		9B085F1F2879991600DE8E60 /* NaenioUITestsLaunchTests.swift */ = {isa = PBXFileReference; lastKnownFileType = sourcecode.swift; path = NaenioUITestsLaunchTests.swift; sourceTree = "<group>"; };
		9BF00BF2287AC72800F08035 /* Naenio.entitlements */ = {isa = PBXFileReference; lastKnownFileType = text.plist.entitlements; path = Naenio.entitlements; sourceTree = "<group>"; };
		9BF00BF6287AC95A00F08035 /* AppleLoginManager.swift */ = {isa = PBXFileReference; lastKnownFileType = sourcecode.swift; path = AppleLoginManager.swift; sourceTree = "<group>"; };
		9BF00BFB287ACA6C00F08035 /* AppleLoginButton.swift */ = {isa = PBXFileReference; lastKnownFileType = sourcecode.swift; path = AppleLoginButton.swift; sourceTree = "<group>"; };
		9BF00BFE287ACBC500F08035 /* LoginTestView.swift */ = {isa = PBXFileReference; lastKnownFileType = sourcecode.swift; path = LoginTestView.swift; sourceTree = "<group>"; };
		9BF00C01287ACC0900F08035 /* AppleLoginTestViewModel.swift */ = {isa = PBXFileReference; lastKnownFileType = sourcecode.swift; path = AppleLoginTestViewModel.swift; sourceTree = "<group>"; };
		9BF00C0A287ACFA900F08035 /* LoginRequestInformation.swift */ = {isa = PBXFileReference; lastKnownFileType = sourcecode.swift; path = LoginRequestInformation.swift; sourceTree = "<group>"; };
		9CA1364528800D670044062F /* SignInWithKakaoButton.swift */ = {isa = PBXFileReference; lastKnownFileType = sourcecode.swift; path = SignInWithKakaoButton.swift; sourceTree = "<group>"; };
		9CA1364728800E720044062F /* KakaoAuthorizationRequest.swift */ = {isa = PBXFileReference; lastKnownFileType = sourcecode.swift; path = KakaoAuthorizationRequest.swift; sourceTree = "<group>"; };
		9CA1364928800EC50044062F /* KakaoAuthorization.swift */ = {isa = PBXFileReference; lastKnownFileType = sourcecode.swift; path = KakaoAuthorization.swift; sourceTree = "<group>"; };
		9CA7922C287BA90600600C32 /* UserInformation.swift */ = {isa = PBXFileReference; lastKnownFileType = sourcecode.swift; path = UserInformation.swift; sourceTree = "<group>"; };
		AD724DA8F651698B18462E10 /* Pods-Naenio-NaenioUITests.release.xcconfig */ = {isa = PBXFileReference; includeInIndex = 1; lastKnownFileType = text.xcconfig; name = "Pods-Naenio-NaenioUITests.release.xcconfig"; path = "Target Support Files/Pods-Naenio-NaenioUITests/Pods-Naenio-NaenioUITests.release.xcconfig"; sourceTree = "<group>"; };
		B9F5691769E0478B78C3BD1E /* Pods-Naenio-NaenioUITests.debug.xcconfig */ = {isa = PBXFileReference; includeInIndex = 1; lastKnownFileType = text.xcconfig; name = "Pods-Naenio-NaenioUITests.debug.xcconfig"; path = "Target Support Files/Pods-Naenio-NaenioUITests/Pods-Naenio-NaenioUITests.debug.xcconfig"; sourceTree = "<group>"; };
		E3F4292A67B66D6F6B7C150C /* Pods-NaenioTests.debug.xcconfig */ = {isa = PBXFileReference; includeInIndex = 1; lastKnownFileType = text.xcconfig; name = "Pods-NaenioTests.debug.xcconfig"; path = "Target Support Files/Pods-NaenioTests/Pods-NaenioTests.debug.xcconfig"; sourceTree = "<group>"; };
		E92BF54D1A6F7A09B6844E5A /* Pods_Naenio_NaenioUITests.framework */ = {isa = PBXFileReference; explicitFileType = wrapper.framework; includeInIndex = 0; path = Pods_Naenio_NaenioUITests.framework; sourceTree = BUILT_PRODUCTS_DIR; };
/* End PBXFileReference section */

/* Begin PBXFrameworksBuildPhase section */
		9B085EFC2879991400DE8E60 /* Frameworks */ = {
			isa = PBXFrameworksBuildPhase;
			buildActionMask = 2147483647;
			files = (
				90D6BF17C2E41EA51237072E /* Pods_Naenio.framework in Frameworks */,
			);
			runOnlyForDeploymentPostprocessing = 0;
		};
		9B085F0C2879991600DE8E60 /* Frameworks */ = {
			isa = PBXFrameworksBuildPhase;
			buildActionMask = 2147483647;
			files = (
				CE11F3B32F8A533FA821501E /* Pods_NaenioTests.framework in Frameworks */,
			);
			runOnlyForDeploymentPostprocessing = 0;
		};
		9B085F162879991600DE8E60 /* Frameworks */ = {
			isa = PBXFrameworksBuildPhase;
			buildActionMask = 2147483647;
			files = (
				2A21349BD01B14434CAED51C /* Pods_Naenio_NaenioUITests.framework in Frameworks */,
			);
			runOnlyForDeploymentPostprocessing = 0;
		};
/* End PBXFrameworksBuildPhase section */

/* Begin PBXGroup section */
		5384CA9EFAD91A1B81B34F6B /* Pods */ = {
			isa = PBXGroup;
			children = (
				25B8CDB552E02D3DDA158D3B /* Pods-Naenio.debug.xcconfig */,
				2C3849AB568E4571C7AC4460 /* Pods-Naenio.release.xcconfig */,
				B9F5691769E0478B78C3BD1E /* Pods-Naenio-NaenioUITests.debug.xcconfig */,
				AD724DA8F651698B18462E10 /* Pods-Naenio-NaenioUITests.release.xcconfig */,
				E3F4292A67B66D6F6B7C150C /* Pods-NaenioTests.debug.xcconfig */,
				0A5D7962D0BEDE743D1915B8 /* Pods-NaenioTests.release.xcconfig */,
			);
			path = Pods;
			sourceTree = "<group>";
		};
		9B085EF62879991400DE8E60 = {
			isa = PBXGroup;
			children = (
				9B085F012879991400DE8E60 /* Naenio */,
				9B085F122879991600DE8E60 /* NaenioTests */,
				9B085F1C2879991600DE8E60 /* NaenioUITests */,
				9B085F002879991400DE8E60 /* Products */,
				5384CA9EFAD91A1B81B34F6B /* Pods */,
				AA5C1C3E832B8CAAF1C1A8FF /* Frameworks */,
			);
			sourceTree = "<group>";
		};
		9B085F002879991400DE8E60 /* Products */ = {
			isa = PBXGroup;
			children = (
				9B085EFF2879991400DE8E60 /* Naenio.app */,
				9B085F0F2879991600DE8E60 /* NaenioTests.xctest */,
				9B085F192879991600DE8E60 /* NaenioUITests.xctest */,
			);
			name = Products;
			sourceTree = "<group>";
		};
		9B085F012879991400DE8E60 /* Naenio */ = {
			isa = PBXGroup;
			children = (
				9BF00BF2287AC72800F08035 /* Naenio.entitlements */,
				9B085F082879991600DE8E60 /* Preview Content */,
				9B085F2D287E353600DE8E60 /* Resources */,
				9B085F2C287E352A00DE8E60 /* Sources */,
				9B085F2E287E353C00DE8E60 /* Supporting files */,
				9B085F2F287E356300DE8E60 /* Utils */,
			);
			path = Naenio;
			sourceTree = "<group>";
		};
		9B085F082879991600DE8E60 /* Preview Content */ = {
			isa = PBXGroup;
			children = (
				9B085F092879991600DE8E60 /* Preview Assets.xcassets */,
			);
			path = "Preview Content";
			sourceTree = "<group>";
		};
		9B085F122879991600DE8E60 /* NaenioTests */ = {
			isa = PBXGroup;
			children = (
				9B085F132879991600DE8E60 /* NaenioTests.swift */,
			);
			path = NaenioTests;
			sourceTree = "<group>";
		};
		9B085F1C2879991600DE8E60 /* NaenioUITests */ = {
			isa = PBXGroup;
			children = (
				9B085F1D2879991600DE8E60 /* NaenioUITests.swift */,
				9B085F1F2879991600DE8E60 /* NaenioUITestsLaunchTests.swift */,
			);
			path = NaenioUITests;
			sourceTree = "<group>";
		};
		9B085F2C287E352A00DE8E60 /* Sources */ = {
			isa = PBXGroup;
			children = (
				9B085F042879991400DE8E60 /* ContentView.swift */,
				9BF00C05287ACCC500F08035 /* LogIn */,
			);
			path = Sources;
			sourceTree = "<group>";
		};
		9B085F2D287E353600DE8E60 /* Resources */ = {
			isa = PBXGroup;
			children = (
				9B085F062879991600DE8E60 /* Assets.xcassets */,
			);
			path = Resources;
			sourceTree = "<group>";
		};
		9B085F2E287E353C00DE8E60 /* Supporting files */ = {
			isa = PBXGroup;
			children = (
				9B085F022879991400DE8E60 /* NaenioApp.swift */,
			);
			path = "Supporting files";
			sourceTree = "<group>";
		};
		9B085F2F287E356300DE8E60 /* Utils */ = {
			isa = PBXGroup;
			children = (
				9BF00BF4287AC92500F08035 /* Managers */,
				9BF00C09287ACF7800F08035 /* Models */,
			);
			path = Utils;
			sourceTree = "<group>";
		};
		9BF00BF4287AC92500F08035 /* Managers */ = {
			isa = PBXGroup;
			children = (
				9BF00BF6287AC95A00F08035 /* AppleLoginManager.swift */,
			);
			path = Managers;
			sourceTree = "<group>";
		};
		9BF00C05287ACCC500F08035 /* LogIn */ = {
			isa = PBXGroup;
			children = (
				9BF00BFE287ACBC500F08035 /* LoginTestView.swift */,
				9C1042F22880088C00D24BEB /* Kakao */,
				9C1042F12880088400D24BEB /* Apple */,
			);
			path = LogIn;
			sourceTree = "<group>";
		};
		9BF00C09287ACF7800F08035 /* Models */ = {
			isa = PBXGroup;
			children = (
				9BF00C0A287ACFA900F08035 /* LoginRequestInformation.swift */,
				9CA1364728800E720044062F /* KakaoAuthorizationRequest.swift */,
				9CA1364928800EC50044062F /* KakaoAuthorization.swift */,
				9CA7922C287BA90600600C32 /* UserInformation.swift */,
			);
			path = Models;
			sourceTree = "<group>";
		};
		9C1042F12880088400D24BEB /* Apple */ = {
			isa = PBXGroup;
			children = (
				9BF00BFB287ACA6C00F08035 /* AppleLoginButton.swift */,
				9BF00C01287ACC0900F08035 /* AppleLoginTestViewModel.swift */,
			);
			path = Apple;
			sourceTree = "<group>";
		};
		9C1042F22880088C00D24BEB /* Kakao */ = {
			isa = PBXGroup;
			children = (
				9CA1364528800D670044062F /* SignInWithKakaoButton.swift */,
			);
			path = Kakao;
			sourceTree = "<group>";
		};
		AA5C1C3E832B8CAAF1C1A8FF /* Frameworks */ = {
			isa = PBXGroup;
			children = (
				1B69E994A672960411DC820B /* Pods_Naenio.framework */,
				E92BF54D1A6F7A09B6844E5A /* Pods_Naenio_NaenioUITests.framework */,
				1FB0BEB83949C2C4F7B94801 /* Pods_NaenioTests.framework */,
			);
			name = Frameworks;
			sourceTree = "<group>";
		};
/* End PBXGroup section */

/* Begin PBXNativeTarget section */
		9B085EFE2879991400DE8E60 /* Naenio */ = {
			isa = PBXNativeTarget;
			buildConfigurationList = 9B085F232879991600DE8E60 /* Build configuration list for PBXNativeTarget "Naenio" */;
			buildPhases = (
				D6BB7955B75402235B7AB6DE /* [CP] Check Pods Manifest.lock */,
				9B085EFB2879991400DE8E60 /* Sources */,
				9B085EFC2879991400DE8E60 /* Frameworks */,
				9B085EFD2879991400DE8E60 /* Resources */,
				5760FD07AC31AF6F955C1451 /* [CP] Embed Pods Frameworks */,
			);
			buildRules = (
			);
			dependencies = (
			);
			name = Naenio;
			productName = Naenio;
			productReference = 9B085EFF2879991400DE8E60 /* Naenio.app */;
			productType = "com.apple.product-type.application";
		};
		9B085F0E2879991600DE8E60 /* NaenioTests */ = {
			isa = PBXNativeTarget;
			buildConfigurationList = 9B085F262879991600DE8E60 /* Build configuration list for PBXNativeTarget "NaenioTests" */;
			buildPhases = (
				FFD32CFCCA533B8FED9D8716 /* [CP] Check Pods Manifest.lock */,
				9B085F0B2879991600DE8E60 /* Sources */,
				9B085F0C2879991600DE8E60 /* Frameworks */,
				9B085F0D2879991600DE8E60 /* Resources */,
			);
			buildRules = (
			);
			dependencies = (
				9B085F112879991600DE8E60 /* PBXTargetDependency */,
			);
			name = NaenioTests;
			productName = NaenioTests;
			productReference = 9B085F0F2879991600DE8E60 /* NaenioTests.xctest */;
			productType = "com.apple.product-type.bundle.unit-test";
		};
		9B085F182879991600DE8E60 /* NaenioUITests */ = {
			isa = PBXNativeTarget;
			buildConfigurationList = 9B085F292879991600DE8E60 /* Build configuration list for PBXNativeTarget "NaenioUITests" */;
			buildPhases = (
				911E0054A86B173A4DCB08C8 /* [CP] Check Pods Manifest.lock */,
				9B085F152879991600DE8E60 /* Sources */,
				9B085F162879991600DE8E60 /* Frameworks */,
				9B085F172879991600DE8E60 /* Resources */,
				2F49B379DAD7D7293BB1237F /* [CP] Embed Pods Frameworks */,
			);
			buildRules = (
			);
			dependencies = (
				9B085F1B2879991600DE8E60 /* PBXTargetDependency */,
			);
			name = NaenioUITests;
			productName = NaenioUITests;
			productReference = 9B085F192879991600DE8E60 /* NaenioUITests.xctest */;
			productType = "com.apple.product-type.bundle.ui-testing";
		};
/* End PBXNativeTarget section */

/* Begin PBXProject section */
		9B085EF72879991400DE8E60 /* Project object */ = {
			isa = PBXProject;
			attributes = {
				BuildIndependentTargetsInParallel = 1;
				LastSwiftUpdateCheck = 1340;
				LastUpgradeCheck = 1340;
				TargetAttributes = {
					9B085EFE2879991400DE8E60 = {
						CreatedOnToolsVersion = 13.4.1;
					};
					9B085F0E2879991600DE8E60 = {
						CreatedOnToolsVersion = 13.4.1;
						TestTargetID = 9B085EFE2879991400DE8E60;
					};
					9B085F182879991600DE8E60 = {
						CreatedOnToolsVersion = 13.4.1;
						TestTargetID = 9B085EFE2879991400DE8E60;
					};
				};
			};
			buildConfigurationList = 9B085EFA2879991400DE8E60 /* Build configuration list for PBXProject "Naenio" */;
			compatibilityVersion = "Xcode 13.0";
			developmentRegion = en;
			hasScannedForEncodings = 0;
			knownRegions = (
				en,
				Base,
			);
			mainGroup = 9B085EF62879991400DE8E60;
			productRefGroup = 9B085F002879991400DE8E60 /* Products */;
			projectDirPath = "";
			projectRoot = "";
			targets = (
				9B085EFE2879991400DE8E60 /* Naenio */,
				9B085F0E2879991600DE8E60 /* NaenioTests */,
				9B085F182879991600DE8E60 /* NaenioUITests */,
			);
		};
/* End PBXProject section */

/* Begin PBXResourcesBuildPhase section */
		9B085EFD2879991400DE8E60 /* Resources */ = {
			isa = PBXResourcesBuildPhase;
			buildActionMask = 2147483647;
			files = (
				9B085F0A2879991600DE8E60 /* Preview Assets.xcassets in Resources */,
				9B085F072879991600DE8E60 /* Assets.xcassets in Resources */,
			);
			runOnlyForDeploymentPostprocessing = 0;
		};
		9B085F0D2879991600DE8E60 /* Resources */ = {
			isa = PBXResourcesBuildPhase;
			buildActionMask = 2147483647;
			files = (
			);
			runOnlyForDeploymentPostprocessing = 0;
		};
		9B085F172879991600DE8E60 /* Resources */ = {
			isa = PBXResourcesBuildPhase;
			buildActionMask = 2147483647;
			files = (
			);
			runOnlyForDeploymentPostprocessing = 0;
		};
/* End PBXResourcesBuildPhase section */

/* Begin PBXShellScriptBuildPhase section */
		2F49B379DAD7D7293BB1237F /* [CP] Embed Pods Frameworks */ = {
			isa = PBXShellScriptBuildPhase;
			buildActionMask = 2147483647;
			files = (
			);
			inputFileListPaths = (
				"${PODS_ROOT}/Target Support Files/Pods-Naenio-NaenioUITests/Pods-Naenio-NaenioUITests-frameworks-${CONFIGURATION}-input-files.xcfilelist",
			);
			name = "[CP] Embed Pods Frameworks";
			outputFileListPaths = (
				"${PODS_ROOT}/Target Support Files/Pods-Naenio-NaenioUITests/Pods-Naenio-NaenioUITests-frameworks-${CONFIGURATION}-output-files.xcfilelist",
			);
			runOnlyForDeploymentPostprocessing = 0;
			shellPath = /bin/sh;
			shellScript = "\"${PODS_ROOT}/Target Support Files/Pods-Naenio-NaenioUITests/Pods-Naenio-NaenioUITests-frameworks.sh\"\n";
			showEnvVarsInLog = 0;
		};
		5760FD07AC31AF6F955C1451 /* [CP] Embed Pods Frameworks */ = {
			isa = PBXShellScriptBuildPhase;
			buildActionMask = 2147483647;
			files = (
			);
			inputFileListPaths = (
				"${PODS_ROOT}/Target Support Files/Pods-Naenio/Pods-Naenio-frameworks-${CONFIGURATION}-input-files.xcfilelist",
			);
			name = "[CP] Embed Pods Frameworks";
			outputFileListPaths = (
				"${PODS_ROOT}/Target Support Files/Pods-Naenio/Pods-Naenio-frameworks-${CONFIGURATION}-output-files.xcfilelist",
			);
			runOnlyForDeploymentPostprocessing = 0;
			shellPath = /bin/sh;
			shellScript = "\"${PODS_ROOT}/Target Support Files/Pods-Naenio/Pods-Naenio-frameworks.sh\"\n";
			showEnvVarsInLog = 0;
		};
		911E0054A86B173A4DCB08C8 /* [CP] Check Pods Manifest.lock */ = {
			isa = PBXShellScriptBuildPhase;
			buildActionMask = 2147483647;
			files = (
			);
			inputFileListPaths = (
			);
			inputPaths = (
				"${PODS_PODFILE_DIR_PATH}/Podfile.lock",
				"${PODS_ROOT}/Manifest.lock",
			);
			name = "[CP] Check Pods Manifest.lock";
			outputFileListPaths = (
			);
			outputPaths = (
				"$(DERIVED_FILE_DIR)/Pods-Naenio-NaenioUITests-checkManifestLockResult.txt",
			);
			runOnlyForDeploymentPostprocessing = 0;
			shellPath = /bin/sh;
			shellScript = "diff \"${PODS_PODFILE_DIR_PATH}/Podfile.lock\" \"${PODS_ROOT}/Manifest.lock\" > /dev/null\nif [ $? != 0 ] ; then\n    # print error to STDERR\n    echo \"error: The sandbox is not in sync with the Podfile.lock. Run 'pod install' or update your CocoaPods installation.\" >&2\n    exit 1\nfi\n# This output is used by Xcode 'outputs' to avoid re-running this script phase.\necho \"SUCCESS\" > \"${SCRIPT_OUTPUT_FILE_0}\"\n";
			showEnvVarsInLog = 0;
		};
		D6BB7955B75402235B7AB6DE /* [CP] Check Pods Manifest.lock */ = {
			isa = PBXShellScriptBuildPhase;
			buildActionMask = 2147483647;
			files = (
			);
			inputFileListPaths = (
			);
			inputPaths = (
				"${PODS_PODFILE_DIR_PATH}/Podfile.lock",
				"${PODS_ROOT}/Manifest.lock",
			);
			name = "[CP] Check Pods Manifest.lock";
			outputFileListPaths = (
			);
			outputPaths = (
				"$(DERIVED_FILE_DIR)/Pods-Naenio-checkManifestLockResult.txt",
			);
			runOnlyForDeploymentPostprocessing = 0;
			shellPath = /bin/sh;
			shellScript = "diff \"${PODS_PODFILE_DIR_PATH}/Podfile.lock\" \"${PODS_ROOT}/Manifest.lock\" > /dev/null\nif [ $? != 0 ] ; then\n    # print error to STDERR\n    echo \"error: The sandbox is not in sync with the Podfile.lock. Run 'pod install' or update your CocoaPods installation.\" >&2\n    exit 1\nfi\n# This output is used by Xcode 'outputs' to avoid re-running this script phase.\necho \"SUCCESS\" > \"${SCRIPT_OUTPUT_FILE_0}\"\n";
			showEnvVarsInLog = 0;
		};
		FFD32CFCCA533B8FED9D8716 /* [CP] Check Pods Manifest.lock */ = {
			isa = PBXShellScriptBuildPhase;
			buildActionMask = 2147483647;
			files = (
			);
			inputFileListPaths = (
			);
			inputPaths = (
				"${PODS_PODFILE_DIR_PATH}/Podfile.lock",
				"${PODS_ROOT}/Manifest.lock",
			);
			name = "[CP] Check Pods Manifest.lock";
			outputFileListPaths = (
			);
			outputPaths = (
				"$(DERIVED_FILE_DIR)/Pods-NaenioTests-checkManifestLockResult.txt",
			);
			runOnlyForDeploymentPostprocessing = 0;
			shellPath = /bin/sh;
			shellScript = "diff \"${PODS_PODFILE_DIR_PATH}/Podfile.lock\" \"${PODS_ROOT}/Manifest.lock\" > /dev/null\nif [ $? != 0 ] ; then\n    # print error to STDERR\n    echo \"error: The sandbox is not in sync with the Podfile.lock. Run 'pod install' or update your CocoaPods installation.\" >&2\n    exit 1\nfi\n# This output is used by Xcode 'outputs' to avoid re-running this script phase.\necho \"SUCCESS\" > \"${SCRIPT_OUTPUT_FILE_0}\"\n";
			showEnvVarsInLog = 0;
		};
/* End PBXShellScriptBuildPhase section */

/* Begin PBXSourcesBuildPhase section */
		9B085EFB2879991400DE8E60 /* Sources */ = {
			isa = PBXSourcesBuildPhase;
			buildActionMask = 2147483647;
			files = (
				9BF00BFC287ACA6C00F08035 /* AppleLoginButton.swift in Sources */,
				9CA1364828800E720044062F /* KakaoAuthorizationRequest.swift in Sources */,
				9B085F052879991400DE8E60 /* ContentView.swift in Sources */,
				9B085F032879991400DE8E60 /* NaenioApp.swift in Sources */,
				9CA1364A28800EC50044062F /* KakaoAuthorization.swift in Sources */,
				9BF00C02287ACC0900F08035 /* AppleLoginTestViewModel.swift in Sources */,
				9CA1364628800D670044062F /* SignInWithKakaoButton.swift in Sources */,
				9BF00BF7287AC95A00F08035 /* AppleLoginManager.swift in Sources */,
				9CA7922D287BA90600600C32 /* UserInformation.swift in Sources */,
				9BF00C0B287ACFA900F08035 /* LoginRequestInformation.swift in Sources */,
				9BF00BFF287ACBC500F08035 /* LoginTestView.swift in Sources */,
			);
			runOnlyForDeploymentPostprocessing = 0;
		};
		9B085F0B2879991600DE8E60 /* Sources */ = {
			isa = PBXSourcesBuildPhase;
			buildActionMask = 2147483647;
			files = (
				9B085F142879991600DE8E60 /* NaenioTests.swift in Sources */,
			);
			runOnlyForDeploymentPostprocessing = 0;
		};
		9B085F152879991600DE8E60 /* Sources */ = {
			isa = PBXSourcesBuildPhase;
			buildActionMask = 2147483647;
			files = (
				9B085F202879991600DE8E60 /* NaenioUITestsLaunchTests.swift in Sources */,
				9B085F1E2879991600DE8E60 /* NaenioUITests.swift in Sources */,
			);
			runOnlyForDeploymentPostprocessing = 0;
		};
/* End PBXSourcesBuildPhase section */

/* Begin PBXTargetDependency section */
		9B085F112879991600DE8E60 /* PBXTargetDependency */ = {
			isa = PBXTargetDependency;
			target = 9B085EFE2879991400DE8E60 /* Naenio */;
			targetProxy = 9B085F102879991600DE8E60 /* PBXContainerItemProxy */;
		};
		9B085F1B2879991600DE8E60 /* PBXTargetDependency */ = {
			isa = PBXTargetDependency;
			target = 9B085EFE2879991400DE8E60 /* Naenio */;
			targetProxy = 9B085F1A2879991600DE8E60 /* PBXContainerItemProxy */;
		};
/* End PBXTargetDependency section */

/* Begin XCBuildConfiguration section */
		9B085F212879991600DE8E60 /* Debug */ = {
			isa = XCBuildConfiguration;
			buildSettings = {
				ALWAYS_SEARCH_USER_PATHS = NO;
				CLANG_ANALYZER_NONNULL = YES;
				CLANG_ANALYZER_NUMBER_OBJECT_CONVERSION = YES_AGGRESSIVE;
				CLANG_CXX_LANGUAGE_STANDARD = "gnu++17";
				CLANG_ENABLE_MODULES = YES;
				CLANG_ENABLE_OBJC_ARC = YES;
				CLANG_ENABLE_OBJC_WEAK = YES;
				CLANG_WARN_BLOCK_CAPTURE_AUTORELEASING = YES;
				CLANG_WARN_BOOL_CONVERSION = YES;
				CLANG_WARN_COMMA = YES;
				CLANG_WARN_CONSTANT_CONVERSION = YES;
				CLANG_WARN_DEPRECATED_OBJC_IMPLEMENTATIONS = YES;
				CLANG_WARN_DIRECT_OBJC_ISA_USAGE = YES_ERROR;
				CLANG_WARN_DOCUMENTATION_COMMENTS = YES;
				CLANG_WARN_EMPTY_BODY = YES;
				CLANG_WARN_ENUM_CONVERSION = YES;
				CLANG_WARN_INFINITE_RECURSION = YES;
				CLANG_WARN_INT_CONVERSION = YES;
				CLANG_WARN_NON_LITERAL_NULL_CONVERSION = YES;
				CLANG_WARN_OBJC_IMPLICIT_RETAIN_SELF = YES;
				CLANG_WARN_OBJC_LITERAL_CONVERSION = YES;
				CLANG_WARN_OBJC_ROOT_CLASS = YES_ERROR;
				CLANG_WARN_QUOTED_INCLUDE_IN_FRAMEWORK_HEADER = YES;
				CLANG_WARN_RANGE_LOOP_ANALYSIS = YES;
				CLANG_WARN_STRICT_PROTOTYPES = YES;
				CLANG_WARN_SUSPICIOUS_MOVE = YES;
				CLANG_WARN_UNGUARDED_AVAILABILITY = YES_AGGRESSIVE;
				CLANG_WARN_UNREACHABLE_CODE = YES;
				CLANG_WARN__DUPLICATE_METHOD_MATCH = YES;
				COPY_PHASE_STRIP = NO;
				DEBUG_INFORMATION_FORMAT = dwarf;
				ENABLE_STRICT_OBJC_MSGSEND = YES;
				ENABLE_TESTABILITY = YES;
				GCC_C_LANGUAGE_STANDARD = gnu11;
				GCC_DYNAMIC_NO_PIC = NO;
				GCC_NO_COMMON_BLOCKS = YES;
				GCC_OPTIMIZATION_LEVEL = 0;
				GCC_PREPROCESSOR_DEFINITIONS = (
					"DEBUG=1",
					"$(inherited)",
				);
				GCC_WARN_64_TO_32_BIT_CONVERSION = YES;
				GCC_WARN_ABOUT_RETURN_TYPE = YES_ERROR;
				GCC_WARN_UNDECLARED_SELECTOR = YES;
				GCC_WARN_UNINITIALIZED_AUTOS = YES_AGGRESSIVE;
				GCC_WARN_UNUSED_FUNCTION = YES;
				GCC_WARN_UNUSED_VARIABLE = YES;
				IPHONEOS_DEPLOYMENT_TARGET = 14.0;
				MTL_ENABLE_DEBUG_INFO = INCLUDE_SOURCE;
				MTL_FAST_MATH = YES;
				ONLY_ACTIVE_ARCH = YES;
				SDKROOT = iphoneos;
				SWIFT_ACTIVE_COMPILATION_CONDITIONS = DEBUG;
				SWIFT_OPTIMIZATION_LEVEL = "-Onone";
			};
			name = Debug;
		};
		9B085F222879991600DE8E60 /* Release */ = {
			isa = XCBuildConfiguration;
			buildSettings = {
				ALWAYS_SEARCH_USER_PATHS = NO;
				CLANG_ANALYZER_NONNULL = YES;
				CLANG_ANALYZER_NUMBER_OBJECT_CONVERSION = YES_AGGRESSIVE;
				CLANG_CXX_LANGUAGE_STANDARD = "gnu++17";
				CLANG_ENABLE_MODULES = YES;
				CLANG_ENABLE_OBJC_ARC = YES;
				CLANG_ENABLE_OBJC_WEAK = YES;
				CLANG_WARN_BLOCK_CAPTURE_AUTORELEASING = YES;
				CLANG_WARN_BOOL_CONVERSION = YES;
				CLANG_WARN_COMMA = YES;
				CLANG_WARN_CONSTANT_CONVERSION = YES;
				CLANG_WARN_DEPRECATED_OBJC_IMPLEMENTATIONS = YES;
				CLANG_WARN_DIRECT_OBJC_ISA_USAGE = YES_ERROR;
				CLANG_WARN_DOCUMENTATION_COMMENTS = YES;
				CLANG_WARN_EMPTY_BODY = YES;
				CLANG_WARN_ENUM_CONVERSION = YES;
				CLANG_WARN_INFINITE_RECURSION = YES;
				CLANG_WARN_INT_CONVERSION = YES;
				CLANG_WARN_NON_LITERAL_NULL_CONVERSION = YES;
				CLANG_WARN_OBJC_IMPLICIT_RETAIN_SELF = YES;
				CLANG_WARN_OBJC_LITERAL_CONVERSION = YES;
				CLANG_WARN_OBJC_ROOT_CLASS = YES_ERROR;
				CLANG_WARN_QUOTED_INCLUDE_IN_FRAMEWORK_HEADER = YES;
				CLANG_WARN_RANGE_LOOP_ANALYSIS = YES;
				CLANG_WARN_STRICT_PROTOTYPES = YES;
				CLANG_WARN_SUSPICIOUS_MOVE = YES;
				CLANG_WARN_UNGUARDED_AVAILABILITY = YES_AGGRESSIVE;
				CLANG_WARN_UNREACHABLE_CODE = YES;
				CLANG_WARN__DUPLICATE_METHOD_MATCH = YES;
				COPY_PHASE_STRIP = NO;
				DEBUG_INFORMATION_FORMAT = "dwarf-with-dsym";
				ENABLE_NS_ASSERTIONS = NO;
				ENABLE_STRICT_OBJC_MSGSEND = YES;
				GCC_C_LANGUAGE_STANDARD = gnu11;
				GCC_NO_COMMON_BLOCKS = YES;
				GCC_WARN_64_TO_32_BIT_CONVERSION = YES;
				GCC_WARN_ABOUT_RETURN_TYPE = YES_ERROR;
				GCC_WARN_UNDECLARED_SELECTOR = YES;
				GCC_WARN_UNINITIALIZED_AUTOS = YES_AGGRESSIVE;
				GCC_WARN_UNUSED_FUNCTION = YES;
				GCC_WARN_UNUSED_VARIABLE = YES;
				IPHONEOS_DEPLOYMENT_TARGET = 14.0;
				MTL_ENABLE_DEBUG_INFO = NO;
				MTL_FAST_MATH = YES;
				SDKROOT = iphoneos;
				SWIFT_COMPILATION_MODE = wholemodule;
				SWIFT_OPTIMIZATION_LEVEL = "-O";
				VALIDATE_PRODUCT = YES;
			};
			name = Release;
		};
		9B085F242879991600DE8E60 /* Debug */ = {
			isa = XCBuildConfiguration;
			baseConfigurationReference = 25B8CDB552E02D3DDA158D3B /* Pods-Naenio.debug.xcconfig */;
			buildSettings = {
				ASSETCATALOG_COMPILER_APPICON_NAME = AppIcon;
				ASSETCATALOG_COMPILER_GLOBAL_ACCENT_COLOR_NAME = AccentColor;
				CODE_SIGN_ENTITLEMENTS = Naenio/Naenio.entitlements;
				CODE_SIGN_STYLE = Automatic;
				CURRENT_PROJECT_VERSION = 1;
				DEVELOPMENT_ASSET_PATHS = "\"Naenio/Preview Content\"";
				DEVELOPMENT_TEAM = W6QHM4Y43Z;
				ENABLE_PREVIEWS = YES;
				GENERATE_INFOPLIST_FILE = YES;
				INFOPLIST_KEY_UIApplicationSceneManifest_Generation = YES;
				INFOPLIST_KEY_UIApplicationSupportsIndirectInputEvents = YES;
				INFOPLIST_KEY_UILaunchScreen_Generation = YES;
				INFOPLIST_KEY_UISupportedInterfaceOrientations_iPad = "UIInterfaceOrientationPortrait UIInterfaceOrientationPortraitUpsideDown UIInterfaceOrientationLandscapeLeft UIInterfaceOrientationLandscapeRight";
				INFOPLIST_KEY_UISupportedInterfaceOrientations_iPhone = "UIInterfaceOrientationPortrait UIInterfaceOrientationLandscapeLeft UIInterfaceOrientationLandscapeRight";
				LD_RUNPATH_SEARCH_PATHS = (
					"$(inherited)",
					"@executable_path/Frameworks",
				);
				MARKETING_VERSION = 1.0;
				PRODUCT_BUNDLE_IDENTIFIER = com.teamVS.Naenio;
				PRODUCT_NAME = "$(TARGET_NAME)";
				SWIFT_EMIT_LOC_STRINGS = YES;
				SWIFT_VERSION = 5.0;
				TARGETED_DEVICE_FAMILY = "1,2";
			};
			name = Debug;
		};
		9B085F252879991600DE8E60 /* Release */ = {
			isa = XCBuildConfiguration;
			baseConfigurationReference = 2C3849AB568E4571C7AC4460 /* Pods-Naenio.release.xcconfig */;
			buildSettings = {
				ASSETCATALOG_COMPILER_APPICON_NAME = AppIcon;
				ASSETCATALOG_COMPILER_GLOBAL_ACCENT_COLOR_NAME = AccentColor;
				CODE_SIGN_ENTITLEMENTS = Naenio/Naenio.entitlements;
				CODE_SIGN_STYLE = Automatic;
				CURRENT_PROJECT_VERSION = 1;
				DEVELOPMENT_ASSET_PATHS = "\"Naenio/Preview Content\"";
				DEVELOPMENT_TEAM = W6QHM4Y43Z;
				ENABLE_PREVIEWS = YES;
				GENERATE_INFOPLIST_FILE = YES;
				INFOPLIST_KEY_UIApplicationSceneManifest_Generation = YES;
				INFOPLIST_KEY_UIApplicationSupportsIndirectInputEvents = YES;
				INFOPLIST_KEY_UILaunchScreen_Generation = YES;
				INFOPLIST_KEY_UISupportedInterfaceOrientations_iPad = "UIInterfaceOrientationPortrait UIInterfaceOrientationPortraitUpsideDown UIInterfaceOrientationLandscapeLeft UIInterfaceOrientationLandscapeRight";
				INFOPLIST_KEY_UISupportedInterfaceOrientations_iPhone = "UIInterfaceOrientationPortrait UIInterfaceOrientationLandscapeLeft UIInterfaceOrientationLandscapeRight";
				LD_RUNPATH_SEARCH_PATHS = (
					"$(inherited)",
					"@executable_path/Frameworks",
				);
				MARKETING_VERSION = 1.0;
				PRODUCT_BUNDLE_IDENTIFIER = com.teamVS.Naenio;
				PRODUCT_NAME = "$(TARGET_NAME)";
				SWIFT_EMIT_LOC_STRINGS = YES;
				SWIFT_VERSION = 5.0;
				TARGETED_DEVICE_FAMILY = "1,2";
			};
			name = Release;
		};
		9B085F272879991600DE8E60 /* Debug */ = {
			isa = XCBuildConfiguration;
			baseConfigurationReference = E3F4292A67B66D6F6B7C150C /* Pods-NaenioTests.debug.xcconfig */;
			buildSettings = {
				ALWAYS_EMBED_SWIFT_STANDARD_LIBRARIES = YES;
				BUNDLE_LOADER = "$(TEST_HOST)";
				CODE_SIGN_STYLE = Automatic;
				CURRENT_PROJECT_VERSION = 1;
				DEVELOPMENT_TEAM = W6QHM4Y43Z;
				GENERATE_INFOPLIST_FILE = YES;
				IPHONEOS_DEPLOYMENT_TARGET = 14.0;
				MARKETING_VERSION = 1.0;
				PRODUCT_BUNDLE_IDENTIFIER = com.teamVS.NaenioTests;
				PRODUCT_NAME = "$(TARGET_NAME)";
				SWIFT_EMIT_LOC_STRINGS = NO;
				SWIFT_VERSION = 5.0;
				TARGETED_DEVICE_FAMILY = "1,2";
				TEST_HOST = "$(BUILT_PRODUCTS_DIR)/Naenio.app/Naenio";
			};
			name = Debug;
		};
		9B085F282879991600DE8E60 /* Release */ = {
			isa = XCBuildConfiguration;
			baseConfigurationReference = 0A5D7962D0BEDE743D1915B8 /* Pods-NaenioTests.release.xcconfig */;
			buildSettings = {
				ALWAYS_EMBED_SWIFT_STANDARD_LIBRARIES = YES;
				BUNDLE_LOADER = "$(TEST_HOST)";
				CODE_SIGN_STYLE = Automatic;
				CURRENT_PROJECT_VERSION = 1;
				DEVELOPMENT_TEAM = W6QHM4Y43Z;
				GENERATE_INFOPLIST_FILE = YES;
				IPHONEOS_DEPLOYMENT_TARGET = 14.0;
				MARKETING_VERSION = 1.0;
				PRODUCT_BUNDLE_IDENTIFIER = com.teamVS.NaenioTests;
				PRODUCT_NAME = "$(TARGET_NAME)";
				SWIFT_EMIT_LOC_STRINGS = NO;
				SWIFT_VERSION = 5.0;
				TARGETED_DEVICE_FAMILY = "1,2";
				TEST_HOST = "$(BUILT_PRODUCTS_DIR)/Naenio.app/Naenio";
			};
			name = Release;
		};
		9B085F2A2879991600DE8E60 /* Debug */ = {
			isa = XCBuildConfiguration;
			baseConfigurationReference = B9F5691769E0478B78C3BD1E /* Pods-Naenio-NaenioUITests.debug.xcconfig */;
			buildSettings = {
				ALWAYS_EMBED_SWIFT_STANDARD_LIBRARIES = YES;
				CODE_SIGN_STYLE = Automatic;
				CURRENT_PROJECT_VERSION = 1;
				DEVELOPMENT_TEAM = W6QHM4Y43Z;
				GENERATE_INFOPLIST_FILE = YES;
				MARKETING_VERSION = 1.0;
				PRODUCT_BUNDLE_IDENTIFIER = com.teamVS.NaenioUITests;
				PRODUCT_NAME = "$(TARGET_NAME)";
				SWIFT_EMIT_LOC_STRINGS = NO;
				SWIFT_VERSION = 5.0;
				TARGETED_DEVICE_FAMILY = "1,2";
				TEST_TARGET_NAME = Naenio;
			};
			name = Debug;
		};
		9B085F2B2879991600DE8E60 /* Release */ = {
			isa = XCBuildConfiguration;
			baseConfigurationReference = AD724DA8F651698B18462E10 /* Pods-Naenio-NaenioUITests.release.xcconfig */;
			buildSettings = {
				ALWAYS_EMBED_SWIFT_STANDARD_LIBRARIES = YES;
				CODE_SIGN_STYLE = Automatic;
				CURRENT_PROJECT_VERSION = 1;
				DEVELOPMENT_TEAM = W6QHM4Y43Z;
				GENERATE_INFOPLIST_FILE = YES;
				MARKETING_VERSION = 1.0;
				PRODUCT_BUNDLE_IDENTIFIER = com.teamVS.NaenioUITests;
				PRODUCT_NAME = "$(TARGET_NAME)";
				SWIFT_EMIT_LOC_STRINGS = NO;
				SWIFT_VERSION = 5.0;
				TARGETED_DEVICE_FAMILY = "1,2";
				TEST_TARGET_NAME = Naenio;
			};
			name = Release;
		};
/* End XCBuildConfiguration section */

/* Begin XCConfigurationList section */
		9B085EFA2879991400DE8E60 /* Build configuration list for PBXProject "Naenio" */ = {
			isa = XCConfigurationList;
			buildConfigurations = (
				9B085F212879991600DE8E60 /* Debug */,
				9B085F222879991600DE8E60 /* Release */,
			);
			defaultConfigurationIsVisible = 0;
			defaultConfigurationName = Release;
		};
		9B085F232879991600DE8E60 /* Build configuration list for PBXNativeTarget "Naenio" */ = {
			isa = XCConfigurationList;
			buildConfigurations = (
				9B085F242879991600DE8E60 /* Debug */,
				9B085F252879991600DE8E60 /* Release */,
			);
			defaultConfigurationIsVisible = 0;
			defaultConfigurationName = Release;
		};
		9B085F262879991600DE8E60 /* Build configuration list for PBXNativeTarget "NaenioTests" */ = {
			isa = XCConfigurationList;
			buildConfigurations = (
				9B085F272879991600DE8E60 /* Debug */,
				9B085F282879991600DE8E60 /* Release */,
			);
			defaultConfigurationIsVisible = 0;
			defaultConfigurationName = Release;
		};
		9B085F292879991600DE8E60 /* Build configuration list for PBXNativeTarget "NaenioUITests" */ = {
			isa = XCConfigurationList;
			buildConfigurations = (
				9B085F2A2879991600DE8E60 /* Debug */,
				9B085F2B2879991600DE8E60 /* Release */,
			);
			defaultConfigurationIsVisible = 0;
			defaultConfigurationName = Release;
		};
/* End XCConfigurationList section */
	};
	rootObject = 9B085EF72879991400DE8E60 /* Project object */;
}
